{
  "name": "simpleitjs-ui",
  "version": "1.0.0",
  "lockfileVersion": 1,
  "requires": true,
  "dependencies": {
    "simpleitjs": {
      "version": "1.2.4",
      "resolved": "https://registry.npmjs.org/simpleitjs/-/simpleitjs-1.2.4.tgz",
      "integrity": "sha512-sVKlnwsLt3mtyQHGGcHygeTUB1KQuX36CqLQ2BVezCWWN0f6C89WBnLIbMufThSuxJfrwLDRoISXJs179QjY5g=="
    }
  }
}
