{
  "name": "simpleitjs-ui",
  "version": "1.0.4",
  "lockfileVersion": 1,
  "requires": true,
  "dependencies": {
    "simpleitjs": {
      "version": "1.2.7",
      "resolved": "https://registry.npmjs.org/simpleitjs/-/simpleitjs-1.2.7.tgz",
      "integrity": "sha512-q8GRpzkDlFvWgLvjWHXeVK1M8ntMpVunu7Buwv8BE8hivnPIs7g/kSmSUCFcFarQMxIW15tKphMzy1ZZbLVD/A=="
    }
  }
}
